
Microsoft Visual Studio Solution File, Format Version 12.00
# Visual Studio Version 17
VisualStudioVersion = 17.4.33205.214
MinimumVisualStudioVersion = 10.0.40219.1
Project("{FAE04EC0-301F-11D3-BF4B-00C04F79EFBC}") = "ATM-Bank-Final", "ATM-Bank-Final\ATM-Bank-Final.csproj", "{F7A924BC-8F13-4EC5-8304-5D05DCF8152C}"
EndProject
Global
	GlobalSection(SolutionConfigurationPlatforms) = preSolution
		Debug|Any CPU = Debug|Any CPU
		Release|Any CPU = Release|Any CPU
	EndGlobalSection
	GlobalSection(ProjectConfigurationPlatforms) = postSolution
		{F7A924BC-8F13-4EC5-8304-5D05DCF8152C}.Debug|Any CPU.ActiveCfg = Debug|Any CPU
		{F7A924BC-8F13-4EC5-8304-5D05DCF8152C}.Debug|Any CPU.Build.0 = Debug|Any CPU
		{F7A924BC-8F13-4EC5-8304-5D05DCF8152C}.Release|Any CPU.ActiveCfg = Release|Any CPU
		{F7A924BC-8F13-4EC5-8304-5D05DCF8152C}.Release|Any CPU.Build.0 = Release|Any CPU
	EndGlobalSection
	GlobalSection(SolutionProperties) = preSolution
		HideSolutionNode = FALSE
	EndGlobalSection
	GlobalSection(ExtensibilityGlobals) = postSolution
		SolutionGuid = {BA8C51E9-F0E9-41CD-B133-ABB105734DD8}
	EndGlobalSection
EndGlobal
